
Microsoft Visual Studio Solution File, Format Version 12.00
Project("{FAE04EC0-301F-11D3-BF4B-00C04F79EFBC}") = "SproutMethod-NUnit", "SproutMethod-NUnit\SproutMethod-NUnit.csproj", "{16679772-AA68-43E8-B8D3-9F9AFA344A5E}"
EndProject
Project("{FAE04EC0-301F-11D3-BF4B-00C04F79EFBC}") = "SproutMethod-NUnit-Tests", "SproutMethod-NUnit-Tests\SproutMethod-NUnit-Tests.csproj", "{11D813CB-5695-4E54-A2B3-1381F5E6281A}"
EndProject
Global
	GlobalSection(SolutionConfigurationPlatforms) = preSolution
		Debug|Any CPU = Debug|Any CPU
		Release|Any CPU = Release|Any CPU
	EndGlobalSection
	GlobalSection(ProjectConfigurationPlatforms) = postSolution
		{16679772-AA68-43E8-B8D3-9F9AFA344A5E}.Debug|Any CPU.ActiveCfg = Debug|Any CPU
		{16679772-AA68-43E8-B8D3-9F9AFA344A5E}.Debug|Any CPU.Build.0 = Debug|Any CPU
		{16679772-AA68-43E8-B8D3-9F9AFA344A5E}.Release|Any CPU.ActiveCfg = Release|Any CPU
		{16679772-AA68-43E8-B8D3-9F9AFA344A5E}.Release|Any CPU.Build.0 = Release|Any CPU
		{11D813CB-5695-4E54-A2B3-1381F5E6281A}.Debug|Any CPU.ActiveCfg = Debug|Any CPU
		{11D813CB-5695-4E54-A2B3-1381F5E6281A}.Debug|Any CPU.Build.0 = Debug|Any CPU
		{11D813CB-5695-4E54-A2B3-1381F5E6281A}.Release|Any CPU.ActiveCfg = Release|Any CPU
		{11D813CB-5695-4E54-A2B3-1381F5E6281A}.Release|Any CPU.Build.0 = Release|Any CPU
	EndGlobalSection
EndGlobal
